<Solution>
  <Project Path="src/Ironman.SeedData/Ironman.SeedData.csproj" />
  <Project Path="src/Ironman.Desk/Ironman.Desk.csproj" />
  <Project Path="tests/Ironman.SeedData.Tests/Ironman.SeedData.Tests.csproj" />
  <Project Path="tests/Ironman.Desk.Tests/Ironman.Desk.Tests.csproj" />
  <Project Path="tools/Ironman.SeedData.Cli/Ironman.SeedData.Cli.csproj" />
  <Project Path="tools/Ironman.Bench/Ironman.Bench.csproj" />
</Solution>
